// !$*UTF8*$!
{
	archiveVersion = 1;
	classes = {
	};
	objectVersion = 55;
	objects = {

/* Begin PBXBuildFile section */
		1CEEB6B028BD308B00DA998E /* Tests_iOS.swift in Sources */ = {isa = PBXBuildFile; fileRef = 1CEEB6AF28BD308B00DA998E /* Tests_iOS.swift */; };
		1CEEB6B228BD308B00DA998E /* Tests_iOSLaunchTests.swift in Sources */ = {isa = PBXBuildFile; fileRef = 1CEEB6B128BD308B00DA998E /* Tests_iOSLaunchTests.swift */; };
		1CEEB6BC28BD308B00DA998E /* Tests_macOS.swift in Sources */ = {isa = PBXBuildFile; fileRef = 1CEEB6BB28BD308B00DA998E /* Tests_macOS.swift */; };
		1CEEB6BE28BD308B00DA998E /* Tests_macOSLaunchTests.swift in Sources */ = {isa = PBXBuildFile; fileRef = 1CEEB6BD28BD308B00DA998E /* Tests_macOSLaunchTests.swift */; };
		1CEEB6BF28BD308B00DA998E /* CardGameApp.swift in Sources */ = {isa = PBXBuildFile; fileRef = 1CEEB69728BD308800DA998E /* CardGameApp.swift */; };
		1CEEB6C028BD308B00DA998E /* CardGameApp.swift in Sources */ = {isa = PBXBuildFile; fileRef = 1CEEB69728BD308800DA998E /* CardGameApp.swift */; };
		1CEEB6C128BD308B00DA998E /* ContentView.swift in Sources */ = {isa = PBXBuildFile; fileRef = 1CEEB69828BD308800DA998E /* ContentView.swift */; };
		1CEEB6C228BD308B00DA998E /* ContentView.swift in Sources */ = {isa = PBXBuildFile; fileRef = 1CEEB69828BD308800DA998E /* ContentView.swift */; };
		1CEEB6C328BD308B00DA998E /* Assets.xcassets in Resources */ = {isa = PBXBuildFile; fileRef = 1CEEB69928BD308A00DA998E /* Assets.xcassets */; };
		1CEEB6C428BD308B00DA998E /* Assets.xcassets in Resources */ = {isa = PBXBuildFile; fileRef = 1CEEB69928BD308A00DA998E /* Assets.xcassets */; };
/* End PBXBuildFile section */

/* Begin PBXContainerItemProxy section */
		1CEEB6AC28BD308B00DA998E /* PBXContainerItemProxy */ = {
			isa = PBXContainerItemProxy;
			containerPortal = 1CEEB69228BD308700DA998E /* Project object */;
			proxyType = 1;
			remoteGlobalIDString = 1CEEB69D28BD308A00DA998E;
			remoteInfo = "CardGame (iOS)";
		};
		1CEEB6B828BD308B00DA998E /* PBXContainerItemProxy */ = {
			isa = PBXContainerItemProxy;
			containerPortal = 1CEEB69228BD308700DA998E /* Project object */;
			proxyType = 1;
			remoteGlobalIDString = 1CEEB6A328BD308B00DA998E;
			remoteInfo = "CardGame (macOS)";
		};
/* End PBXContainerItemProxy section */

/* Begin PBXFileReference section */
		1CEEB69728BD308800DA998E /* CardGameApp.swift */ = {isa = PBXFileReference; lastKnownFileType = sourcecode.swift; path = CardGameApp.swift; sourceTree = "<group>"; };
		1CEEB69828BD308800DA998E /* ContentView.swift */ = {isa = PBXFileReference; lastKnownFileType = sourcecode.swift; path = ContentView.swift; sourceTree = "<group>"; };
		1CEEB69928BD308A00DA998E /* Assets.xcassets */ = {isa = PBXFileReference; lastKnownFileType = folder.assetcatalog; path = Assets.xcassets; sourceTree = "<group>"; };
		1CEEB69E28BD308B00DA998E /* CardGame.app */ = {isa = PBXFileReference; explicitFileType = wrapper.application; includeInIndex = 0; path = CardGame.app; sourceTree = BUILT_PRODUCTS_DIR; };
		1CEEB6A428BD308B00DA998E /* CardGame.app */ = {isa = PBXFileReference; explicitFileType = wrapper.application; includeInIndex = 0; path = CardGame.app; sourceTree = BUILT_PRODUCTS_DIR; };
		1CEEB6A628BD308B00DA998E /* macOS.entitlements */ = {isa = PBXFileReference; lastKnownFileType = text.plist.entitlements; path = macOS.entitlements; sourceTree = "<group>"; };
		1CEEB6AB28BD308B00DA998E /* Tests iOS.xctest */ = {isa = PBXFileReference; explicitFileType = wrapper.cfbundle; includeInIndex = 0; path = "Tests iOS.xctest"; sourceTree = BUILT_PRODUCTS_DIR; };
		1CEEB6AF28BD308B00DA998E /* Tests_iOS.swift */ = {isa = PBXFileReference; lastKnownFileType = sourcecode.swift; path = Tests_iOS.swift; sourceTree = "<group>"; };
		1CEEB6B128BD308B00DA998E /* Tests_iOSLaunchTests.swift */ = {isa = PBXFileReference; lastKnownFileType = sourcecode.swift; path = Tests_iOSLaunchTests.swift; sourceTree = "<group>"; };
		1CEEB6B728BD308B00DA998E /* Tests macOS.xctest */ = {isa = PBXFileReference; explicitFileType = wrapper.cfbundle; includeInIndex = 0; path = "Tests macOS.xctest"; sourceTree = BUILT_PRODUCTS_DIR; };
		1CEEB6BB28BD308B00DA998E /* Tests_macOS.swift */ = {isa = PBXFileReference; lastKnownFileType = sourcecode.swift; path = Tests_macOS.swift; sourceTree = "<group>"; };
		1CEEB6BD28BD308B00DA998E /* Tests_macOSLaunchTests.swift */ = {isa = PBXFileReference; lastKnownFileType = sourcecode.swift; path = Tests_macOSLaunchTests.swift; sourceTree = "<group>"; };
/* End PBXFileReference section */

/* Begin PBXFrameworksBuildPhase section */
		1CEEB69B28BD308A00DA998E /* Frameworks */ = {
			isa = PBXFrameworksBuildPhase;
			buildActionMask = 2147483647;
			files = (
			);
			runOnlyForDeploymentPostprocessing = 0;
		};
		1CEEB6A128BD308B00DA998E /* Frameworks */ = {
			isa = PBXFrameworksBuildPhase;
			buildActionMask = 2147483647;
			files = (
			);
			runOnlyForDeploymentPostprocessing = 0;
		};
		1CEEB6A828BD308B00DA998E /* Frameworks */ = {
			isa = PBXFrameworksBuildPhase;
			buildActionMask = 2147483647;
			files = (
			);
			runOnlyForDeploymentPostprocessing = 0;
		};
		1CEEB6B428BD308B00DA998E /* Frameworks */ = {
			isa = PBXFrameworksBuildPhase;
			buildActionMask = 2147483647;
			files = (
			);
			runOnlyForDeploymentPostprocessing = 0;
		};
/* End PBXFrameworksBuildPhase section */

/* Begin PBXGroup section */
		1CEEB69128BD308700DA998E = {
			isa = PBXGroup;
			children = (
				1CEEB69628BD308800DA998E /* Shared */,
				1CEEB6A528BD308B00DA998E /* macOS */,
				1CEEB6AE28BD308B00DA998E /* Tests iOS */,
				1CEEB6BA28BD308B00DA998E /* Tests macOS */,
				1CEEB69F28BD308B00DA998E /* Products */,
			);
			sourceTree = "<group>";
		};
		1CEEB69628BD308800DA998E /* Shared */ = {
			isa = PBXGroup;
			children = (
				1CEEB69728BD308800DA998E /* CardGameApp.swift */,
				1CEEB69828BD308800DA998E /* ContentView.swift */,
				1CEEB69928BD308A00DA998E /* Assets.xcassets */,
			);
			path = Shared;
			sourceTree = "<group>";
		};
		1CEEB69F28BD308B00DA998E /* Products */ = {
			isa = PBXGroup;
			children = (
				1CEEB69E28BD308B00DA998E /* CardGame.app */,
				1CEEB6A428BD308B00DA998E /* CardGame.app */,
				1CEEB6AB28BD308B00DA998E /* Tests iOS.xctest */,
				1CEEB6B728BD308B00DA998E /* Tests macOS.xctest */,
			);
			name = Products;
			sourceTree = "<group>";
		};
		1CEEB6A528BD308B00DA998E /* macOS */ = {
			isa = PBXGroup;
			children = (
				1CEEB6A628BD308B00DA998E /* macOS.entitlements */,
			);
			path = macOS;
			sourceTree = "<group>";
		};
		1CEEB6AE28BD308B00DA998E /* Tests iOS */ = {
			isa = PBXGroup;
			children = (
				1CEEB6AF28BD308B00DA998E /* Tests_iOS.swift */,
				1CEEB6B128BD308B00DA998E /* Tests_iOSLaunchTests.swift */,
			);
			path = "Tests iOS";
			sourceTree = "<group>";
		};
		1CEEB6BA28BD308B00DA998E /* Tests macOS */ = {
			isa = PBXGroup;
			children = (
				1CEEB6BB28BD308B00DA998E /* Tests_macOS.swift */,
				1CEEB6BD28BD308B00DA998E /* Tests_macOSLaunchTests.swift */,
			);
			path = "Tests macOS";
			sourceTree = "<group>";
		};
/* End PBXGroup section */

/* Begin PBXNativeTarget section */
		1CEEB69D28BD308A00DA998E /* CardGame (iOS) */ = {
			isa = PBXNativeTarget;
			buildConfigurationList = 1CEEB6C728BD308B00DA998E /* Build configuration list for PBXNativeTarget "CardGame (iOS)" */;
			buildPhases = (
				1CEEB69A28BD308A00DA998E /* Sources */,
				1CEEB69B28BD308A00DA998E /* Frameworks */,
				1CEEB69C28BD308A00DA998E /* Resources */,
			);
			buildRules = (
			);
			dependencies = (
			);
			name = "CardGame (iOS)";
			productName = "CardGame (iOS)";
			productReference = 1CEEB69E28BD308B00DA998E /* CardGame.app */;
			productType = "com.apple.product-type.application";
		};
		1CEEB6A328BD308B00DA998E /* CardGame (macOS) */ = {
			isa = PBXNativeTarget;
			buildConfigurationList = 1CEEB6CA28BD308B00DA998E /* Build configuration list for PBXNativeTarget "CardGame (macOS)" */;
			buildPhases = (
				1CEEB6A028BD308B00DA998E /* Sources */,
				1CEEB6A128BD308B00DA998E /* Frameworks */,
				1CEEB6A228BD308B00DA998E /* Resources */,
			);
			buildRules = (
			);
			dependencies = (
			);
			name = "CardGame (macOS)";
			productName = "CardGame (macOS)";
			productReference = 1CEEB6A428BD308B00DA998E /* CardGame.app */;
			productType = "com.apple.product-type.application";
		};
		1CEEB6AA28BD308B00DA998E /* Tests iOS */ = {
			isa = PBXNativeTarget;
			buildConfigurationList = 1CEEB6CD28BD308B00DA998E /* Build configuration list for PBXNativeTarget "Tests iOS" */;
			buildPhases = (
				1CEEB6A728BD308B00DA998E /* Sources */,
				1CEEB6A828BD308B00DA998E /* Frameworks */,
				1CEEB6A928BD308B00DA998E /* Resources */,
			);
			buildRules = (
			);
			dependencies = (
				1CEEB6AD28BD308B00DA998E /* PBXTargetDependency */,
			);
			name = "Tests iOS";
			productName = "Tests iOS";
			productReference = 1CEEB6AB28BD308B00DA998E /* Tests iOS.xctest */;
			productType = "com.apple.product-type.bundle.ui-testing";
		};
		1CEEB6B628BD308B00DA998E /* Tests macOS */ = {
			isa = PBXNativeTarget;
			buildConfigurationList = 1CEEB6D028BD308B00DA998E /* Build configuration list for PBXNativeTarget "Tests macOS" */;
			buildPhases = (
				1CEEB6B328BD308B00DA998E /* Sources */,
				1CEEB6B428BD308B00DA998E /* Frameworks */,
				1CEEB6B528BD308B00DA998E /* Resources */,
			);
			buildRules = (
			);
			dependencies = (
				1CEEB6B928BD308B00DA998E /* PBXTargetDependency */,
			);
			name = "Tests macOS";
			productName = "Tests macOS";
			productReference = 1CEEB6B728BD308B00DA998E /* Tests macOS.xctest */;
			productType = "com.apple.product-type.bundle.ui-testing";
		};
/* End PBXNativeTarget section */

/* Begin PBXProject section */
		1CEEB69228BD308700DA998E /* Project object */ = {
			isa = PBXProject;
			attributes = {
				BuildIndependentTargetsInParallel = 1;
				LastSwiftUpdateCheck = 1340;
				LastUpgradeCheck = 1340;
				TargetAttributes = {
					1CEEB69D28BD308A00DA998E = {
						CreatedOnToolsVersion = 13.4.1;
					};
					1CEEB6A328BD308B00DA998E = {
						CreatedOnToolsVersion = 13.4.1;
					};
					1CEEB6AA28BD308B00DA998E = {
						CreatedOnToolsVersion = 13.4.1;
						TestTargetID = 1CEEB69D28BD308A00DA998E;
					};
					1CEEB6B628BD308B00DA998E = {
						CreatedOnToolsVersion = 13.4.1;
						TestTargetID = 1CEEB6A328BD308B00DA998E;
					};
				};
			};
			buildConfigurationList = 1CEEB69528BD308700DA998E /* Build configuration list for PBXProject "CardGame" */;
			compatibilityVersion = "Xcode 13.0";
			developmentRegion = en;
			hasScannedForEncodings = 0;
			knownRegions = (
				en,
				Base,
			);
			mainGroup = 1CEEB69128BD308700DA998E;
			productRefGroup = 1CEEB69F28BD308B00DA998E /* Products */;
			projectDirPath = "";
			projectRoot = "";
			targets = (
				1CEEB69D28BD308A00DA998E /* CardGame (iOS) */,
				1CEEB6A328BD308B00DA998E /* CardGame (macOS) */,
				1CEEB6AA28BD308B00DA998E /* Tests iOS */,
				1CEEB6B628BD308B00DA998E /* Tests macOS */,
			);
		};
/* End PBXProject section */

/* Begin PBXResourcesBuildPhase section */
		1CEEB69C28BD308A00DA998E /* Resources */ = {
			isa = PBXResourcesBuildPhase;
			buildActionMask = 2147483647;
			files = (
				1CEEB6C328BD308B00DA998E /* Assets.xcassets in Resources */,
			);
			runOnlyForDeploymentPostprocessing = 0;
		};
		1CEEB6A228BD308B00DA998E /* Resources */ = {
			isa = PBXResourcesBuildPhase;
			buildActionMask = 2147483647;
			files = (
				1CEEB6C428BD308B00DA998E /* Assets.xcassets in Resources */,
			);
			runOnlyForDeploymentPostprocessing = 0;
		};
		1CEEB6A928BD308B00DA998E /* Resources */ = {
			isa = PBXResourcesBuildPhase;
			buildActionMask = 2147483647;
			files = (
			);
			runOnlyForDeploymentPostprocessing = 0;
		};
		1CEEB6B528BD308B00DA998E /* Resources */ = {
			isa = PBXResourcesBuildPhase;
			buildActionMask = 2147483647;
			files = (
			);
			runOnlyForDeploymentPostprocessing = 0;
		};
/* End PBXResourcesBuildPhase section */

/* Begin PBXSourcesBuildPhase section */
		1CEEB69A28BD308A00DA998E /* Sources */ = {
			isa = PBXSourcesBuildPhase;
			buildActionMask = 2147483647;
			files = (
				1CEEB6C128BD308B00DA998E /* ContentView.swift in Sources */,
				1CEEB6BF28BD308B00DA998E /* CardGameApp.swift in Sources */,
			);
			runOnlyForDeploymentPostprocessing = 0;
		};
		1CEEB6A028BD308B00DA998E /* Sources */ = {
			isa = PBXSourcesBuildPhase;
			buildActionMask = 2147483647;
			files = (
				1CEEB6C228BD308B00DA998E /* ContentView.swift in Sources */,
				1CEEB6C028BD308B00DA998E /* CardGameApp.swift in Sources */,
			);
			runOnlyForDeploymentPostprocessing = 0;
		};
		1CEEB6A728BD308B00DA998E /* Sources */ = {
			isa = PBXSourcesBuildPhase;
			buildActionMask = 2147483647;
			files = (
				1CEEB6B228BD308B00DA998E /* Tests_iOSLaunchTests.swift in Sources */,
				1CEEB6B028BD308B00DA998E /* Tests_iOS.swift in Sources */,
			);
			runOnlyForDeploymentPostprocessing = 0;
		};
		1CEEB6B328BD308B00DA998E /* Sources */ = {
			isa = PBXSourcesBuildPhase;
			buildActionMask = 2147483647;
			files = (
				1CEEB6BE28BD308B00DA998E /* Tests_macOSLaunchTests.swift in Sources */,
				1CEEB6BC28BD308B00DA998E /* Tests_macOS.swift in Sources */,
			);
			runOnlyForDeploymentPostprocessing = 0;
		};
/* End PBXSourcesBuildPhase section */

/* Begin PBXTargetDependency section */
		1CEEB6AD28BD308B00DA998E /* PBXTargetDependency */ = {
			isa = PBXTargetDependency;
			target = 1CEEB69D28BD308A00DA998E /* CardGame (iOS) */;
			targetProxy = 1CEEB6AC28BD308B00DA998E /* PBXContainerItemProxy */;
		};
		1CEEB6B928BD308B00DA998E /* PBXTargetDependency */ = {
			isa = PBXTargetDependency;
			target = 1CEEB6A328BD308B00DA998E /* CardGame (macOS) */;
			targetProxy = 1CEEB6B828BD308B00DA998E /* PBXContainerItemProxy */;
		};
/* End PBXTargetDependency section */

/* Begin XCBuildConfiguration section */
		1CEEB6C528BD308B00DA998E /* Debug */ = {
			isa = XCBuildConfiguration;
			buildSettings = {
				ALWAYS_SEARCH_USER_PATHS = NO;
				CLANG_ANALYZER_NONNULL = YES;
				CLANG_ANALYZER_NUMBER_OBJECT_CONVERSION = YES_AGGRESSIVE;
				CLANG_CXX_LANGUAGE_STANDARD = "gnu++17";
				CLANG_ENABLE_MODULES = YES;
				CLANG_ENABLE_OBJC_ARC = YES;
				CLANG_ENABLE_OBJC_WEAK = YES;
				CLANG_WARN_BLOCK_CAPTURE_AUTORELEASING = YES;
				CLANG_WARN_BOOL_CONVERSION = YES;
				CLANG_WARN_COMMA = YES;
				CLANG_WARN_CONSTANT_CONVERSION = YES;
				CLANG_WARN_DEPRECATED_OBJC_IMPLEMENTATIONS = YES;
				CLANG_WARN_DIRECT_OBJC_ISA_USAGE = YES_ERROR;
				CLANG_WARN_DOCUMENTATION_COMMENTS = YES;
				CLANG_WARN_EMPTY_BODY = YES;
				CLANG_WARN_ENUM_CONVERSION = YES;
				CLANG_WARN_INFINITE_RECURSION = YES;
				CLANG_WARN_INT_CONVERSION = YES;
				CLANG_WARN_NON_LITERAL_NULL_CONVERSION = YES;
				CLANG_WARN_OBJC_IMPLICIT_RETAIN_SELF = YES;
				CLANG_WARN_OBJC_LITERAL_CONVERSION = YES;
				CLANG_WARN_OBJC_ROOT_CLASS = YES_ERROR;
				CLANG_WARN_QUOTED_INCLUDE_IN_FRAMEWORK_HEADER = YES;
				CLANG_WARN_RANGE_LOOP_ANALYSIS = YES;
				CLANG_WARN_STRICT_PROTOTYPES = YES;
				CLANG_WARN_SUSPICIOUS_MOVE = YES;
				CLANG_WARN_UNGUARDED_AVAILABILITY = YES_AGGRESSIVE;
				CLANG_WARN_UNREACHABLE_CODE = YES;
				CLANG_WARN__DUPLICATE_METHOD_MATCH = YES;
				COPY_PHASE_STRIP = NO;
				DEBUG_INFORMATION_FORMAT = dwarf;
				ENABLE_STRICT_OBJC_MSGSEND = YES;
				ENABLE_TESTABILITY = YES;
				GCC_C_LANGUAGE_STANDARD = gnu11;
				GCC_DYNAMIC_NO_PIC = NO;
				GCC_NO_COMMON_BLOCKS = YES;
				GCC_OPTIMIZATION_LEVEL = 0;
				GCC_PREPROCESSOR_DEFINITIONS = (
					"DEBUG=1",
					"$(inherited)",
				);
				GCC_WARN_64_TO_32_BIT_CONVERSION = YES;
				GCC_WARN_ABOUT_RETURN_TYPE = YES_ERROR;
				GCC_WARN_UNDECLARED_SELECTOR = YES;
				GCC_WARN_UNINITIALIZED_AUTOS = YES_AGGRESSIVE;
				GCC_WARN_UNUSED_FUNCTION = YES;
				GCC_WARN_UNUSED_VARIABLE = YES;
				MTL_ENABLE_DEBUG_INFO = INCLUDE_SOURCE;
				MTL_FAST_MATH = YES;
				ONLY_ACTIVE_ARCH = YES;
				SWIFT_ACTIVE_COMPILATION_CONDITIONS = DEBUG;
				SWIFT_OPTIMIZATION_LEVEL = "-Onone";
			};
			name = Debug;
		};
		1CEEB6C628BD308B00DA998E /* Release */ = {
			isa = XCBuildConfiguration;
			buildSettings = {
				ALWAYS_SEARCH_USER_PATHS = NO;
				CLANG_ANALYZER_NONNULL = YES;
				CLANG_ANALYZER_NUMBER_OBJECT_CONVERSION = YES_AGGRESSIVE;
				CLANG_CXX_LANGUAGE_STANDARD = "gnu++17";
				CLANG_ENABLE_MODULES = YES;
				CLANG_ENABLE_OBJC_ARC = YES;
				CLANG_ENABLE_OBJC_WEAK = YES;
				CLANG_WARN_BLOCK_CAPTURE_AUTORELEASING = YES;
				CLANG_WARN_BOOL_CONVERSION = YES;
				CLANG_WARN_COMMA = YES;
				CLANG_WARN_CONSTANT_CONVERSION = YES;
				CLANG_WARN_DEPRECATED_OBJC_IMPLEMENTATIONS = YES;
				CLANG_WARN_DIRECT_OBJC_ISA_USAGE = YES_ERROR;
				CLANG_WARN_DOCUMENTATION_COMMENTS = YES;
				CLANG_WARN_EMPTY_BODY = YES;
				CLANG_WARN_ENUM_CONVERSION = YES;
				CLANG_WARN_INFINITE_RECURSION = YES;
				CLANG_WARN_INT_CONVERSION = YES;
				CLANG_WARN_NON_LITERAL_NULL_CONVERSION = YES;
				CLANG_WARN_OBJC_IMPLICIT_RETAIN_SELF = YES;
				CLANG_WARN_OBJC_LITERAL_CONVERSION = YES;
				CLANG_WARN_OBJC_ROOT_CLASS = YES_ERROR;
				CLANG_WARN_QUOTED_INCLUDE_IN_FRAMEWORK_HEADER = YES;
				CLANG_WARN_RANGE_LOOP_ANALYSIS = YES;
				CLANG_WARN_STRICT_PROTOTYPES = YES;
				CLANG_WARN_SUSPICIOUS_MOVE = YES;
				CLANG_WARN_UNGUARDED_AVAILABILITY = YES_AGGRESSIVE;
				CLANG_WARN_UNREACHABLE_CODE = YES;
				CLANG_WARN__DUPLICATE_METHOD_MATCH = YES;
				COPY_PHASE_STRIP = NO;
				DEBUG_INFORMATION_FORMAT = "dwarf-with-dsym";
				ENABLE_NS_ASSERTIONS = NO;
				ENABLE_STRICT_OBJC_MSGSEND = YES;
				GCC_C_LANGUAGE_STANDARD = gnu11;
				GCC_NO_COMMON_BLOCKS = YES;
				GCC_WARN_64_TO_32_BIT_CONVERSION = YES;
				GCC_WARN_ABOUT_RETURN_TYPE = YES_ERROR;
				GCC_WARN_UNDECLARED_SELECTOR = YES;
				GCC_WARN_UNINITIALIZED_AUTOS = YES_AGGRESSIVE;
				GCC_WARN_UNUSED_FUNCTION = YES;
				GCC_WARN_UNUSED_VARIABLE = YES;
				MTL_ENABLE_DEBUG_INFO = NO;
				MTL_FAST_MATH = YES;
				SWIFT_COMPILATION_MODE = wholemodule;
				SWIFT_OPTIMIZATION_LEVEL = "-O";
			};
			name = Release;
		};
		1CEEB6C828BD308B00DA998E /* Debug */ = {
			isa = XCBuildConfiguration;
			buildSettings = {
				ASSETCATALOG_COMPILER_APPICON_NAME = AppIcon;
				ASSETCATALOG_COMPILER_GLOBAL_ACCENT_COLOR_NAME = AccentColor;
				CODE_SIGN_STYLE = Automatic;
				CURRENT_PROJECT_VERSION = 1;
				DEVELOPMENT_TEAM = NQ73N49252;
				ENABLE_PREVIEWS = YES;
				GENERATE_INFOPLIST_FILE = YES;
				INFOPLIST_KEY_UIApplicationSceneManifest_Generation = YES;
				INFOPLIST_KEY_UIApplicationSupportsIndirectInputEvents = YES;
				INFOPLIST_KEY_UILaunchScreen_Generation = YES;
				INFOPLIST_KEY_UISupportedInterfaceOrientations_iPad = "UIInterfaceOrientationPortrait UIInterfaceOrientationPortraitUpsideDown UIInterfaceOrientationLandscapeLeft UIInterfaceOrientationLandscapeRight";
				INFOPLIST_KEY_UISupportedInterfaceOrientations_iPhone = "UIInterfaceOrientationPortrait UIInterfaceOrientationLandscapeLeft UIInterfaceOrientationLandscapeRight";
				IPHONEOS_DEPLOYMENT_TARGET = 15.5;
				LD_RUNPATH_SEARCH_PATHS = (
					"$(inherited)",
					"@executable_path/Frameworks",
				);
				MARKETING_VERSION = 1.0;
				PRODUCT_BUNDLE_IDENTIFIER = "apex-woot.CardGame";
				PRODUCT_NAME = CardGame;
				SDKROOT = iphoneos;
				SWIFT_EMIT_LOC_STRINGS = YES;
				SWIFT_VERSION = 5.0;
				TARGETED_DEVICE_FAMILY = "1,2";
			};
			name = Debug;
		};
		1CEEB6C928BD308B00DA998E /* Release */ = {
			isa = XCBuildConfiguration;
			buildSettings = {
				ASSETCATALOG_COMPILER_APPICON_NAME = AppIcon;
				ASSETCATALOG_COMPILER_GLOBAL_ACCENT_COLOR_NAME = AccentColor;
				CODE_SIGN_STYLE = Automatic;
				CURRENT_PROJECT_VERSION = 1;
				DEVELOPMENT_TEAM = NQ73N49252;
				ENABLE_PREVIEWS = YES;
				GENERATE_INFOPLIST_FILE = YES;
				INFOPLIST_KEY_UIApplicationSceneManifest_Generation = YES;
				INFOPLIST_KEY_UIApplicationSupportsIndirectInputEvents = YES;
				INFOPLIST_KEY_UILaunchScreen_Generation = YES;
				INFOPLIST_KEY_UISupportedInterfaceOrientations_iPad = "UIInterfaceOrientationPortrait UIInterfaceOrientationPortraitUpsideDown UIInterfaceOrientationLandscapeLeft UIInterfaceOrientationLandscapeRight";
				INFOPLIST_KEY_UISupportedInterfaceOrientations_iPhone = "UIInterfaceOrientationPortrait UIInterfaceOrientationLandscapeLeft UIInterfaceOrientationLandscapeRight";
				IPHONEOS_DEPLOYMENT_TARGET = 15.5;
				LD_RUNPATH_SEARCH_PATHS = (
					"$(inherited)",
					"@executable_path/Frameworks",
				);
				MARKETING_VERSION = 1.0;
				PRODUCT_BUNDLE_IDENTIFIER = "apex-woot.CardGame";
				PRODUCT_NAME = CardGame;
				SDKROOT = iphoneos;
				SWIFT_EMIT_LOC_STRINGS = YES;
				SWIFT_VERSION = 5.0;
				TARGETED_DEVICE_FAMILY = "1,2";
				VALIDATE_PRODUCT = YES;
			};
			name = Release;
		};
		1CEEB6CB28BD308B00DA998E /* Debug */ = {
			isa = XCBuildConfiguration;
			buildSettings = {
				ASSETCATALOG_COMPILER_APPICON_NAME = AppIcon;
				ASSETCATALOG_COMPILER_GLOBAL_ACCENT_COLOR_NAME = AccentColor;
				CODE_SIGN_ENTITLEMENTS = macOS/macOS.entitlements;
				CODE_SIGN_STYLE = Automatic;
				COMBINE_HIDPI_IMAGES = YES;
				CURRENT_PROJECT_VERSION = 1;
				DEVELOPMENT_TEAM = NQ73N49252;
				ENABLE_HARDENED_RUNTIME = YES;
				ENABLE_PREVIEWS = YES;
				GENERATE_INFOPLIST_FILE = YES;
				INFOPLIST_KEY_NSHumanReadableCopyright = "";
				LD_RUNPATH_SEARCH_PATHS = (
					"$(inherited)",
					"@executable_path/../Frameworks",
				);
				MACOSX_DEPLOYMENT_TARGET = 12.3;
				MARKETING_VERSION = 1.0;
				PRODUCT_BUNDLE_IDENTIFIER = "apex-woot.CardGame";
				PRODUCT_NAME = CardGame;
				SDKROOT = macosx;
				SWIFT_EMIT_LOC_STRINGS = YES;
				SWIFT_VERSION = 5.0;
			};
			name = Debug;
		};
		1CEEB6CC28BD308B00DA998E /* Release */ = {
			isa = XCBuildConfiguration;
			buildSettings = {
				ASSETCATALOG_COMPILER_APPICON_NAME = AppIcon;
				ASSETCATALOG_COMPILER_GLOBAL_ACCENT_COLOR_NAME = AccentColor;
				CODE_SIGN_ENTITLEMENTS = macOS/macOS.entitlements;
				CODE_SIGN_STYLE = Automatic;
				COMBINE_HIDPI_IMAGES = YES;
				CURRENT_PROJECT_VERSION = 1;
				DEVELOPMENT_TEAM = NQ73N49252;
				ENABLE_HARDENED_RUNTIME = YES;
				ENABLE_PREVIEWS = YES;
				GENERATE_INFOPLIST_FILE = YES;
				INFOPLIST_KEY_NSHumanReadableCopyright = "";
				LD_RUNPATH_SEARCH_PATHS = (
					"$(inherited)",
					"@executable_path/../Frameworks",
				);
				MACOSX_DEPLOYMENT_TARGET = 12.3;
				MARKETING_VERSION = 1.0;
				PRODUCT_BUNDLE_IDENTIFIER = "apex-woot.CardGame";
				PRODUCT_NAME = CardGame;
				SDKROOT = macosx;
				SWIFT_EMIT_LOC_STRINGS = YES;
				SWIFT_VERSION = 5.0;
			};
			name = Release;
		};
		1CEEB6CE28BD308B00DA998E /* Debug */ = {
			isa = XCBuildConfiguration;
			buildSettings = {
				ALWAYS_EMBED_SWIFT_STANDARD_LIBRARIES = YES;
				CODE_SIGN_STYLE = Automatic;
				CURRENT_PROJECT_VERSION = 1;
				DEVELOPMENT_TEAM = NQ73N49252;
				GENERATE_INFOPLIST_FILE = YES;
				IPHONEOS_DEPLOYMENT_TARGET = 15.5;
				MARKETING_VERSION = 1.0;
				PRODUCT_BUNDLE_IDENTIFIER = "apex-woot.Tests-iOS";
				PRODUCT_NAME = "$(TARGET_NAME)";
				SDKROOT = iphoneos;
				SWIFT_EMIT_LOC_STRINGS = NO;
				SWIFT_VERSION = 5.0;
				TARGETED_DEVICE_FAMILY = "1,2";
				TEST_TARGET_NAME = "CardGame (iOS)";
			};
			name = Debug;
		};
		1CEEB6CF28BD308B00DA998E /* Release */ = {
			isa = XCBuildConfiguration;
			buildSettings = {
				ALWAYS_EMBED_SWIFT_STANDARD_LIBRARIES = YES;
				CODE_SIGN_STYLE = Automatic;
				CURRENT_PROJECT_VERSION = 1;
				DEVELOPMENT_TEAM = NQ73N49252;
				GENERATE_INFOPLIST_FILE = YES;
				IPHONEOS_DEPLOYMENT_TARGET = 15.5;
				MARKETING_VERSION = 1.0;
				PRODUCT_BUNDLE_IDENTIFIER = "apex-woot.Tests-iOS";
				PRODUCT_NAME = "$(TARGET_NAME)";
				SDKROOT = iphoneos;
				SWIFT_EMIT_LOC_STRINGS = NO;
				SWIFT_VERSION = 5.0;
				TARGETED_DEVICE_FAMILY = "1,2";
				TEST_TARGET_NAME = "CardGame (iOS)";
				VALIDATE_PRODUCT = YES;
			};
			name = Release;
		};
		1CEEB6D128BD308B00DA998E /* Debug */ = {
			isa = XCBuildConfiguration;
			buildSettings = {
				ALWAYS_EMBED_SWIFT_STANDARD_LIBRARIES = YES;
				CODE_SIGN_STYLE = Automatic;
				CURRENT_PROJECT_VERSION = 1;
				DEVELOPMENT_TEAM = NQ73N49252;
				GENERATE_INFOPLIST_FILE = YES;
				MACOSX_DEPLOYMENT_TARGET = 12.3;
				MARKETING_VERSION = 1.0;
				PRODUCT_BUNDLE_IDENTIFIER = "apex-woot.Tests-macOS";
				PRODUCT_NAME = "$(TARGET_NAME)";
				SDKROOT = macosx;
				SWIFT_EMIT_LOC_STRINGS = NO;
				SWIFT_VERSION = 5.0;
				TEST_TARGET_NAME = "CardGame (macOS)";
			};
			name = Debug;
		};
		1CEEB6D228BD308B00DA998E /* Release */ = {
			isa = XCBuildConfiguration;
			buildSettings = {
				ALWAYS_EMBED_SWIFT_STANDARD_LIBRARIES = YES;
				CODE_SIGN_STYLE = Automatic;
				CURRENT_PROJECT_VERSION = 1;
				DEVELOPMENT_TEAM = NQ73N49252;
				GENERATE_INFOPLIST_FILE = YES;
				MACOSX_DEPLOYMENT_TARGET = 12.3;
				MARKETING_VERSION = 1.0;
				PRODUCT_BUNDLE_IDENTIFIER = "apex-woot.Tests-macOS";
				PRODUCT_NAME = "$(TARGET_NAME)";
				SDKROOT = macosx;
				SWIFT_EMIT_LOC_STRINGS = NO;
				SWIFT_VERSION = 5.0;
				TEST_TARGET_NAME = "CardGame (macOS)";
			};
			name = Release;
		};
/* End XCBuildConfiguration section */

/* Begin XCConfigurationList section */
		1CEEB69528BD308700DA998E /* Build configuration list for PBXProject "CardGame" */ = {
			isa = XCConfigurationList;
			buildConfigurations = (
				1CEEB6C528BD308B00DA998E /* Debug */,
				1CEEB6C628BD308B00DA998E /* Release */,
			);
			defaultConfigurationIsVisible = 0;
			defaultConfigurationName = Release;
		};
		1CEEB6C728BD308B00DA998E /* Build configuration list for PBXNativeTarget "CardGame (iOS)" */ = {
			isa = XCConfigurationList;
			buildConfigurations = (
				1CEEB6C828BD308B00DA998E /* Debug */,
				1CEEB6C928BD308B00DA998E /* Release */,
			);
			defaultConfigurationIsVisible = 0;
			defaultConfigurationName = Release;
		};
		1CEEB6CA28BD308B00DA998E /* Build configuration list for PBXNativeTarget "CardGame (macOS)" */ = {
			isa = XCConfigurationList;
			buildConfigurations = (
				1CEEB6CB28BD308B00DA998E /* Debug */,
				1CEEB6CC28BD308B00DA998E /* Release */,
			);
			defaultConfigurationIsVisible = 0;
			defaultConfigurationName = Release;
		};
		1CEEB6CD28BD308B00DA998E /* Build configuration list for PBXNativeTarget "Tests iOS" */ = {
			isa = XCConfigurationList;
			buildConfigurations = (
				1CEEB6CE28BD308B00DA998E /* Debug */,
				1CEEB6CF28BD308B00DA998E /* Release */,
			);
			defaultConfigurationIsVisible = 0;
			defaultConfigurationName = Release;
		};
		1CEEB6D028BD308B00DA998E /* Build configuration list for PBXNativeTarget "Tests macOS" */ = {
			isa = XCConfigurationList;
			buildConfigurations = (
				1CEEB6D128BD308B00DA998E /* Debug */,
				1CEEB6D228BD308B00DA998E /* Release */,
			);
			defaultConfigurationIsVisible = 0;
			defaultConfigurationName = Release;
		};
/* End XCConfigurationList section */
	};
	rootObject = 1CEEB69228BD308700DA998E /* Project object */;
}
